
Microsoft Visual Studio Solution File, Format Version 12.00
# Visual Studio Version 16
VisualStudioVersion = 16.0.32413.511
MinimumVisualStudioVersion = 10.0.40219.1
Project("{FAE04EC0-301F-11D3-BF4B-00C04F79EFBC}") = "PP", "PP\PP.csproj", "{0EEAFF8E-2F0C-4F71-B81A-7A9BEF787877}"
EndProject
Project("{FAE04EC0-301F-11D3-BF4B-00C04F79EFBC}") = "magicNumbers_tests", "magicNumbers_tests\magicNumbers_tests.csproj", "{F95A9638-0B48-467C-BA1D-C0A1AF337CF3}"
EndProject
Project("{FAE04EC0-301F-11D3-BF4B-00C04F79EFBC}") = "removeMethod_tests", "removeMethod_tests\removeMethod_tests.csproj", "{3417CAD4-D755-4E03-B26C-47AFDF4592B1}"
EndProject
Global
	GlobalSection(SolutionConfigurationPlatforms) = preSolution
		Debug|Any CPU = Debug|Any CPU
		Release|Any CPU = Release|Any CPU
	EndGlobalSection
	GlobalSection(ProjectConfigurationPlatforms) = postSolution
		{0EEAFF8E-2F0C-4F71-B81A-7A9BEF787877}.Debug|Any CPU.ActiveCfg = Debug|Any CPU
		{0EEAFF8E-2F0C-4F71-B81A-7A9BEF787877}.Debug|Any CPU.Build.0 = Debug|Any CPU
		{0EEAFF8E-2F0C-4F71-B81A-7A9BEF787877}.Release|Any CPU.ActiveCfg = Release|Any CPU
		{0EEAFF8E-2F0C-4F71-B81A-7A9BEF787877}.Release|Any CPU.Build.0 = Release|Any CPU
		{F95A9638-0B48-467C-BA1D-C0A1AF337CF3}.Debug|Any CPU.ActiveCfg = Debug|Any CPU
		{F95A9638-0B48-467C-BA1D-C0A1AF337CF3}.Debug|Any CPU.Build.0 = Debug|Any CPU
		{F95A9638-0B48-467C-BA1D-C0A1AF337CF3}.Release|Any CPU.ActiveCfg = Release|Any CPU
		{F95A9638-0B48-467C-BA1D-C0A1AF337CF3}.Release|Any CPU.Build.0 = Release|Any CPU
		{3417CAD4-D755-4E03-B26C-47AFDF4592B1}.Debug|Any CPU.ActiveCfg = Debug|Any CPU
		{3417CAD4-D755-4E03-B26C-47AFDF4592B1}.Debug|Any CPU.Build.0 = Debug|Any CPU
		{3417CAD4-D755-4E03-B26C-47AFDF4592B1}.Release|Any CPU.ActiveCfg = Release|Any CPU
		{3417CAD4-D755-4E03-B26C-47AFDF4592B1}.Release|Any CPU.Build.0 = Release|Any CPU
	EndGlobalSection
	GlobalSection(SolutionProperties) = preSolution
		HideSolutionNode = FALSE
	EndGlobalSection
	GlobalSection(ExtensibilityGlobals) = postSolution
		SolutionGuid = {F19F8DAF-42C0-426A-88C4-97B08F10BC5D}
	EndGlobalSection
EndGlobal
